
Microsoft Visual Studio Solution File, Format Version 12.00
# Visual Studio 15
VisualStudioVersion = 15.0.28307.572
MinimumVisualStudioVersion = 10.0.40219.1
Project("{FAE04EC0-301F-11D3-BF4B-00C04F79EFBC}") = "Forward.Service", "Forward.Service\Forward.Service.csproj", "{43791787-B2C1-4210-A03D-46B2FAD9ECF1}"
EndProject
Project("{FAE04EC0-301F-11D3-BF4B-00C04F79EFBC}") = "Forward.ExtensionService", "Forward.ExtensionService\Forward.ExtensionService.csproj", "{D25FF164-EE92-4E11-BC54-8E976EDB5B99}"
EndProject
Project("{FAE04EC0-301F-11D3-BF4B-00C04F79EFBC}") = "Forward.Core", "Forward.Core\Forward.Core.csproj", "{49341EB5-7D28-4F99-877D-474CDDD55D50}"
EndProject
Global
	GlobalSection(SolutionConfigurationPlatforms) = preSolution
		Debug|Any CPU = Debug|Any CPU
		Release|Any CPU = Release|Any CPU
	EndGlobalSection
	GlobalSection(ProjectConfigurationPlatforms) = postSolution
		{43791787-B2C1-4210-A03D-46B2FAD9ECF1}.Debug|Any CPU.ActiveCfg = Debug|Any CPU
		{43791787-B2C1-4210-A03D-46B2FAD9ECF1}.Debug|Any CPU.Build.0 = Debug|Any CPU
		{43791787-B2C1-4210-A03D-46B2FAD9ECF1}.Release|Any CPU.ActiveCfg = Release|Any CPU
		{43791787-B2C1-4210-A03D-46B2FAD9ECF1}.Release|Any CPU.Build.0 = Release|Any CPU
		{D25FF164-EE92-4E11-BC54-8E976EDB5B99}.Debug|Any CPU.ActiveCfg = Debug|Any CPU
		{D25FF164-EE92-4E11-BC54-8E976EDB5B99}.Debug|Any CPU.Build.0 = Debug|Any CPU
		{D25FF164-EE92-4E11-BC54-8E976EDB5B99}.Release|Any CPU.ActiveCfg = Release|Any CPU
		{D25FF164-EE92-4E11-BC54-8E976EDB5B99}.Release|Any CPU.Build.0 = Release|Any CPU
		{49341EB5-7D28-4F99-877D-474CDDD55D50}.Debug|Any CPU.ActiveCfg = Debug|Any CPU
		{49341EB5-7D28-4F99-877D-474CDDD55D50}.Debug|Any CPU.Build.0 = Debug|Any CPU
		{49341EB5-7D28-4F99-877D-474CDDD55D50}.Release|Any CPU.ActiveCfg = Release|Any CPU
		{49341EB5-7D28-4F99-877D-474CDDD55D50}.Release|Any CPU.Build.0 = Release|Any CPU
	EndGlobalSection
	GlobalSection(SolutionProperties) = preSolution
		HideSolutionNode = FALSE
	EndGlobalSection
	GlobalSection(ExtensibilityGlobals) = postSolution
		SolutionGuid = {396EEBD7-6268-432E-AC5A-53A58D588DEA}
	EndGlobalSection
EndGlobal
